
Microsoft Visual Studio Solution File, Format Version 12.00
# Visual Studio 14
VisualStudioVersion = 14.0.23107.0
MinimumVisualStudioVersion = 10.0.40219.1
Project("{FAE04EC0-301F-11D3-BF4B-00C04F79EFBC}") = "LendingSystem", "SystemPrestamos\LendingSystem.csproj", "{18F9D409-2C18-4472-89A3-C585DAC9D5E2}"
EndProject
Project("{FAE04EC0-301F-11D3-BF4B-00C04F79EFBC}") = "BLL", "BLL\BLL.csproj", "{AA9209E9-FD83-4900-9CF9-5F52A706921F}"
EndProject
Project("{FAE04EC0-301F-11D3-BF4B-00C04F79EFBC}") = "DAL", "DAL\DAL.csproj", "{42354491-646B-4C50-AFEA-FCDD60E07B57}"
EndProject
Global
	GlobalSection(SolutionConfigurationPlatforms) = preSolution
		Debug|Any CPU = Debug|Any CPU
		Release|Any CPU = Release|Any CPU
	EndGlobalSection
	GlobalSection(ProjectConfigurationPlatforms) = postSolution
		{18F9D409-2C18-4472-89A3-C585DAC9D5E2}.Debug|Any CPU.ActiveCfg = Debug|Any CPU
		{18F9D409-2C18-4472-89A3-C585DAC9D5E2}.Debug|Any CPU.Build.0 = Debug|Any CPU
		{18F9D409-2C18-4472-89A3-C585DAC9D5E2}.Release|Any CPU.ActiveCfg = Release|Any CPU
		{18F9D409-2C18-4472-89A3-C585DAC9D5E2}.Release|Any CPU.Build.0 = Release|Any CPU
		{AA9209E9-FD83-4900-9CF9-5F52A706921F}.Debug|Any CPU.ActiveCfg = Debug|Any CPU
		{AA9209E9-FD83-4900-9CF9-5F52A706921F}.Debug|Any CPU.Build.0 = Debug|Any CPU
		{AA9209E9-FD83-4900-9CF9-5F52A706921F}.Release|Any CPU.ActiveCfg = Release|Any CPU
		{AA9209E9-FD83-4900-9CF9-5F52A706921F}.Release|Any CPU.Build.0 = Release|Any CPU
		{42354491-646B-4C50-AFEA-FCDD60E07B57}.Debug|Any CPU.ActiveCfg = Debug|Any CPU
		{42354491-646B-4C50-AFEA-FCDD60E07B57}.Debug|Any CPU.Build.0 = Debug|Any CPU
		{42354491-646B-4C50-AFEA-FCDD60E07B57}.Release|Any CPU.ActiveCfg = Release|Any CPU
		{42354491-646B-4C50-AFEA-FCDD60E07B57}.Release|Any CPU.Build.0 = Release|Any CPU
	EndGlobalSection
	GlobalSection(SolutionProperties) = preSolution
		HideSolutionNode = FALSE
	EndGlobalSection
EndGlobal
